
Microsoft Visual Studio Solution File, Format Version 12.00
# Visual Studio 15
VisualStudioVersion = 15.0.27703.2047
MinimumVisualStudioVersion = 10.0.40219.1
Project("{FAE04EC0-301F-11D3-BF4B-00C04F79EFBC}") = "Student_Info_Web_Api", "Student_Info_Web_Api\Student_Info_Web_Api.csproj", "{6BD344B6-A144-4D84-8146-7FD0F191CA81}"
EndProject
Global
	GlobalSection(SolutionConfigurationPlatforms) = preSolution
		Debug|Any CPU = Debug|Any CPU
		Release|Any CPU = Release|Any CPU
	EndGlobalSection
	GlobalSection(ProjectConfigurationPlatforms) = postSolution
		{6BD344B6-A144-4D84-8146-7FD0F191CA81}.Debug|Any CPU.ActiveCfg = Debug|Any CPU
		{6BD344B6-A144-4D84-8146-7FD0F191CA81}.Debug|Any CPU.Build.0 = Debug|Any CPU
		{6BD344B6-A144-4D84-8146-7FD0F191CA81}.Release|Any CPU.ActiveCfg = Release|Any CPU
		{6BD344B6-A144-4D84-8146-7FD0F191CA81}.Release|Any CPU.Build.0 = Release|Any CPU
	EndGlobalSection
	GlobalSection(SolutionProperties) = preSolution
		HideSolutionNode = FALSE
	EndGlobalSection
	GlobalSection(ExtensibilityGlobals) = postSolution
		SolutionGuid = {BFF10470-8AC5-4EF7-A2DC-B5CA39B626AA}
	EndGlobalSection
EndGlobal
